{
  "name": "e-commerce-technology",
  "version": "0.1.0",
  "lockfileVersion": 3,
  "requires": true,
  "packages": {
    "": {
      "name": "e-commerce-technology",
      "version": "0.1.0",
      "workspaces": [
        "apps/*",
        "packages/*"
      ],
      "engines": {
        "node": ">=20"
      }
    },
    "apps/api": {
      "name": "@ecommerce/api",
      "version": "0.1.0"
    },
    "apps/web": {
      "name": "@ecommerce/web",
      "version": "0.1.0"
    },
    "node_modules/@ecommerce/api": {
      "resolved": "apps/api",
      "link": true
    },
    "node_modules/@ecommerce/config": {
      "resolved": "packages/config",
      "link": true
    },
    "node_modules/@ecommerce/contracts": {
      "resolved": "packages/contracts",
      "link": true
    },
    "node_modules/@ecommerce/validation": {
      "resolved": "packages/validation",
      "link": true
    },
    "node_modules/@ecommerce/web": {
      "resolved": "apps/web",
      "link": true
    },
    "packages/config": {
      "name": "@ecommerce/config",
      "version": "0.1.0"
    },
    "packages/contracts": {
      "name": "@ecommerce/contracts",
      "version": "0.1.0"
    },
    "packages/validation": {
      "name": "@ecommerce/validation",
      "version": "0.1.0"
    }
  }
}
